
Microsoft Visual Studio Solution File, Format Version 12.00
# Visual Studio Version 17
VisualStudioVersion = 17.10.34916.146
MinimumVisualStudioVersion = 10.0.40219.1
Project("{FAE04EC0-301F-11D3-BF4B-00C04F79EFBC}") = "CrashTestPolygon.Server", "CrashTestPolygon.Server\CrashTestPolygon.Server.csproj", "{15597942-BDB3-4F17-828E-64DE46C85B1B}"
EndProject
Project("{54A90642-561A-4BB1-A94E-469ADEE60C69}") = "crashtestpolygon.client", "crashtestpolygon.client\crashtestpolygon.client.esproj", "{489C2187-D814-4F64-B8C4-71FC849253BF}"
EndProject
Global
	GlobalSection(SolutionConfigurationPlatforms) = preSolution
		Debug|Any CPU = Debug|Any CPU
		Release|Any CPU = Release|Any CPU
	EndGlobalSection
	GlobalSection(ProjectConfigurationPlatforms) = postSolution
		{15597942-BDB3-4F17-828E-64DE46C85B1B}.Debug|Any CPU.ActiveCfg = Debug|Any CPU
		{15597942-BDB3-4F17-828E-64DE46C85B1B}.Debug|Any CPU.Build.0 = Debug|Any CPU
		{15597942-BDB3-4F17-828E-64DE46C85B1B}.Release|Any CPU.ActiveCfg = Release|Any CPU
		{15597942-BDB3-4F17-828E-64DE46C85B1B}.Release|Any CPU.Build.0 = Release|Any CPU
		{489C2187-D814-4F64-B8C4-71FC849253BF}.Debug|Any CPU.ActiveCfg = Debug|Any CPU
		{489C2187-D814-4F64-B8C4-71FC849253BF}.Debug|Any CPU.Build.0 = Debug|Any CPU
		{489C2187-D814-4F64-B8C4-71FC849253BF}.Debug|Any CPU.Deploy.0 = Debug|Any CPU
		{489C2187-D814-4F64-B8C4-71FC849253BF}.Release|Any CPU.ActiveCfg = Release|Any CPU
		{489C2187-D814-4F64-B8C4-71FC849253BF}.Release|Any CPU.Build.0 = Release|Any CPU
		{489C2187-D814-4F64-B8C4-71FC849253BF}.Release|Any CPU.Deploy.0 = Release|Any CPU
	EndGlobalSection
	GlobalSection(SolutionProperties) = preSolution
		HideSolutionNode = FALSE
	EndGlobalSection
	GlobalSection(ExtensibilityGlobals) = postSolution
		SolutionGuid = {5CA73D06-97A5-4DCD-8681-82A9CB9CEE15}
	EndGlobalSection
EndGlobal
